
Microsoft Visual Studio Solution File, Format Version 12.00
# Visual Studio Version 17
VisualStudioVersion = 17.5.33530.505
MinimumVisualStudioVersion = 10.0.40219.1
Project("{2150E333-8FDC-42A3-9474-1A3956D46DE8}") = "01 Kintamieji", "01 Kintamieji", "{4FE86BB1-2860-42C8-8617-E39E70948316}"
EndProject
Project("{FAE04EC0-301F-11D3-BF4B-00C04F79EFBC}") = "DemoKintamiejiN", "DemoKintamiejiN\DemoKintamiejiN.csproj", "{0A90FEB8-B40A-4595-B57D-1F37D0765496}"
EndProject
Project("{2150E333-8FDC-42A3-9474-1A3956D46DE8}") = "02 Isvedimas", "02 Isvedimas", "{B35E30A6-C63E-4F41-B6CA-9A29C4353A48}"
EndProject
Project("{FAE04EC0-301F-11D3-BF4B-00C04F79EFBC}") = "DemoIsvedimas", "DemoIsvedimas\DemoIsvedimas.csproj", "{E0C235A8-95BB-43DD-B772-AFC5272F19A1}"
EndProject
Project("{FAE04EC0-301F-11D3-BF4B-00C04F79EFBC}") = "Uzduotis03", "Uzduotis03\Uzduotis03.csproj", "{A4DAFED4-B8E8-4FEA-89F6-1ECCC980B605}"
EndProject
Global
	GlobalSection(SolutionConfigurationPlatforms) = preSolution
		Debug|Any CPU = Debug|Any CPU
		Release|Any CPU = Release|Any CPU
	EndGlobalSection
	GlobalSection(ProjectConfigurationPlatforms) = postSolution
		{0A90FEB8-B40A-4595-B57D-1F37D0765496}.Debug|Any CPU.ActiveCfg = Debug|Any CPU
		{0A90FEB8-B40A-4595-B57D-1F37D0765496}.Debug|Any CPU.Build.0 = Debug|Any CPU
		{0A90FEB8-B40A-4595-B57D-1F37D0765496}.Release|Any CPU.ActiveCfg = Release|Any CPU
		{0A90FEB8-B40A-4595-B57D-1F37D0765496}.Release|Any CPU.Build.0 = Release|Any CPU
		{E0C235A8-95BB-43DD-B772-AFC5272F19A1}.Debug|Any CPU.ActiveCfg = Debug|Any CPU
		{E0C235A8-95BB-43DD-B772-AFC5272F19A1}.Debug|Any CPU.Build.0 = Debug|Any CPU
		{E0C235A8-95BB-43DD-B772-AFC5272F19A1}.Release|Any CPU.ActiveCfg = Release|Any CPU
		{E0C235A8-95BB-43DD-B772-AFC5272F19A1}.Release|Any CPU.Build.0 = Release|Any CPU
		{A4DAFED4-B8E8-4FEA-89F6-1ECCC980B605}.Debug|Any CPU.ActiveCfg = Debug|Any CPU
		{A4DAFED4-B8E8-4FEA-89F6-1ECCC980B605}.Debug|Any CPU.Build.0 = Debug|Any CPU
		{A4DAFED4-B8E8-4FEA-89F6-1ECCC980B605}.Release|Any CPU.ActiveCfg = Release|Any CPU
		{A4DAFED4-B8E8-4FEA-89F6-1ECCC980B605}.Release|Any CPU.Build.0 = Release|Any CPU
	EndGlobalSection
	GlobalSection(SolutionProperties) = preSolution
		HideSolutionNode = FALSE
	EndGlobalSection
	GlobalSection(NestedProjects) = preSolution
		{0A90FEB8-B40A-4595-B57D-1F37D0765496} = {4FE86BB1-2860-42C8-8617-E39E70948316}
		{E0C235A8-95BB-43DD-B772-AFC5272F19A1} = {B35E30A6-C63E-4F41-B6CA-9A29C4353A48}
		{A4DAFED4-B8E8-4FEA-89F6-1ECCC980B605} = {4FE86BB1-2860-42C8-8617-E39E70948316}
	EndGlobalSection
	GlobalSection(ExtensibilityGlobals) = postSolution
		SolutionGuid = {371FA7A6-7B05-46FB-938F-67AEF46428D6}
	EndGlobalSection
EndGlobal
